
Microsoft Visual Studio Solution File, Format Version 12.00
# Visual Studio 15
VisualStudioVersion = 15.0.27703.2018
MinimumVisualStudioVersion = 10.0.40219.1
Project("{2150E333-8FDC-42A3-9474-1A3956D46DE8}") = "01-Framework", "01-Framework", "{D47B79B2-BF6C-429F-8324-344ED5E66390}"
EndProject
Project("{2150E333-8FDC-42A3-9474-1A3956D46DE8}") = "03-UI", "03-UI", "{0BDD97CC-3950-46DE-8CFE-37821EF0F9AF}"
EndProject
Project("{2150E333-8FDC-42A3-9474-1A3956D46DE8}") = "04-Tests", "04-Tests", "{909617F2-4282-42A6-B8AB-BEEEE4AA880C}"
EndProject
Project("{2150E333-8FDC-42A3-9474-1A3956D46DE8}") = "05-Tools", "05-Tools", "{2D3E081D-5DC6-4F51-9981-22707BBB1614}"
EndProject
Project("{FAE04EC0-301F-11D3-BF4B-00C04F79EFBC}") = "Foundation.Core", "Foundation.Core\Foundation.Core.csproj", "{E58C1269-2477-447C-BF66-B6B594CE8EAD}"
EndProject
Project("{FAE04EC0-301F-11D3-BF4B-00C04F79EFBC}") = "Foundation.Data", "Foundation.Data\Foundation.Data.csproj", "{49B8DD13-0FC1-40BB-A5D0-D12E4D701B79}"
EndProject
Project("{FAE04EC0-301F-11D3-BF4B-00C04F79EFBC}") = "Foundation.Web.Api", "Foundation.Web.Api\Foundation.Web.Api.csproj", "{E4F45C1A-ED3C-4317-BD9D-73DBDBC4DA67}"
EndProject
Project("{FAE04EC0-301F-11D3-BF4B-00C04F79EFBC}") = "Foundation.Web.Mvc", "Foundation.Web.Mvc\Foundation.Web.Mvc.csproj", "{6834C637-EF58-45EC-9F15-F0759D3BC869}"
EndProject
Project("{2150E333-8FDC-42A3-9474-1A3956D46DE8}") = "02-Domain", "02-Domain", "{B3A46BF0-DC4B-431C-91CC-F9ABC305AFAC}"
EndProject
Project("{FAE04EC0-301F-11D3-BF4B-00C04F79EFBC}") = "PPM.CommandHandlers", "PPM.CommandHandlers\PPM.CommandHandlers.csproj", "{11A00961-484A-4930-9712-452F9B7479BD}"
EndProject
Project("{FAE04EC0-301F-11D3-BF4B-00C04F79EFBC}") = "PPM.Entities", "PPM.Domain\PPM.Entities.csproj", "{E97A16EC-3732-43E3-A90F-82568F100D22}"
EndProject
Project("{FAE04EC0-301F-11D3-BF4B-00C04F79EFBC}") = "PPM.Converters", "PPM.Converters\PPM.Converters.csproj", "{DFEC73E8-84F8-4582-BEA9-14509340A6AA}"
EndProject
Project("{FAE04EC0-301F-11D3-BF4B-00C04F79EFBC}") = "PPM.Query", "PPM.QueryServices\PPM.Query.csproj", "{DAF6A1F4-B38F-4C04-AC29-87390D78591B}"
EndProject
Project("{FAE04EC0-301F-11D3-BF4B-00C04F79EFBC}") = "PPM.Workflows", "PPM.Workflows\PPM.Workflows.csproj", "{FC72B22E-CF9C-4C44-A4FE-1F5A2F1008DA}"
EndProject
Project("{FAE04EC0-301F-11D3-BF4B-00C04F79EFBC}") = "PPM.Commands", "PPM.Commands\PPM.Commands.csproj", "{0E83AA62-8191-469C-8222-FD1E0AD6ABD2}"
EndProject
Project("{FAE04EC0-301F-11D3-BF4B-00C04F79EFBC}") = "PPM.Shared", "PPM.AppContext\PPM.Shared.csproj", "{E150AF72-5B96-4CB2-89E6-C161EB8E081F}"
EndProject
Project("{FAE04EC0-301F-11D3-BF4B-00C04F79EFBC}") = "DataImporter", "DataImporter\DataImporter.csproj", "{6D09C645-611C-4224-94CC-F1448D42BDFA}"
EndProject
Project("{FAE04EC0-301F-11D3-BF4B-00C04F79EFBC}") = "PPM.MVC", "PPM.MVC\PPM.MVC.csproj", "{78FB3B60-70CC-442D-B4B8-6EED675369AB}"
EndProject
Global
	GlobalSection(SolutionConfigurationPlatforms) = preSolution
		Debug|Any CPU = Debug|Any CPU
		Develop|Any CPU = Develop|Any CPU
		Release|Any CPU = Release|Any CPU
		Test|Any CPU = Test|Any CPU
		UAT|Any CPU = UAT|Any CPU
	EndGlobalSection
	GlobalSection(ProjectConfigurationPlatforms) = postSolution
		{E58C1269-2477-447C-BF66-B6B594CE8EAD}.Debug|Any CPU.ActiveCfg = Debug|Any CPU
		{E58C1269-2477-447C-BF66-B6B594CE8EAD}.Debug|Any CPU.Build.0 = Debug|Any CPU
		{E58C1269-2477-447C-BF66-B6B594CE8EAD}.Develop|Any CPU.ActiveCfg = Develop|Any CPU
		{E58C1269-2477-447C-BF66-B6B594CE8EAD}.Develop|Any CPU.Build.0 = Develop|Any CPU
		{E58C1269-2477-447C-BF66-B6B594CE8EAD}.Release|Any CPU.ActiveCfg = Release|Any CPU
		{E58C1269-2477-447C-BF66-B6B594CE8EAD}.Release|Any CPU.Build.0 = Release|Any CPU
		{E58C1269-2477-447C-BF66-B6B594CE8EAD}.Test|Any CPU.ActiveCfg = Test|Any CPU
		{E58C1269-2477-447C-BF66-B6B594CE8EAD}.Test|Any CPU.Build.0 = Test|Any CPU
		{E58C1269-2477-447C-BF66-B6B594CE8EAD}.UAT|Any CPU.ActiveCfg = UAT|Any CPU
		{E58C1269-2477-447C-BF66-B6B594CE8EAD}.UAT|Any CPU.Build.0 = UAT|Any CPU
		{49B8DD13-0FC1-40BB-A5D0-D12E4D701B79}.Debug|Any CPU.ActiveCfg = Debug|Any CPU
		{49B8DD13-0FC1-40BB-A5D0-D12E4D701B79}.Debug|Any CPU.Build.0 = Debug|Any CPU
		{49B8DD13-0FC1-40BB-A5D0-D12E4D701B79}.Develop|Any CPU.ActiveCfg = Develop|Any CPU
		{49B8DD13-0FC1-40BB-A5D0-D12E4D701B79}.Develop|Any CPU.Build.0 = Develop|Any CPU
		{49B8DD13-0FC1-40BB-A5D0-D12E4D701B79}.Release|Any CPU.ActiveCfg = Release|Any CPU
		{49B8DD13-0FC1-40BB-A5D0-D12E4D701B79}.Release|Any CPU.Build.0 = Release|Any CPU
		{49B8DD13-0FC1-40BB-A5D0-D12E4D701B79}.Test|Any CPU.ActiveCfg = Test|Any CPU
		{49B8DD13-0FC1-40BB-A5D0-D12E4D701B79}.Test|Any CPU.Build.0 = Test|Any CPU
		{49B8DD13-0FC1-40BB-A5D0-D12E4D701B79}.UAT|Any CPU.ActiveCfg = UAT|Any CPU
		{49B8DD13-0FC1-40BB-A5D0-D12E4D701B79}.UAT|Any CPU.Build.0 = UAT|Any CPU
		{E4F45C1A-ED3C-4317-BD9D-73DBDBC4DA67}.Debug|Any CPU.ActiveCfg = Debug|Any CPU
		{E4F45C1A-ED3C-4317-BD9D-73DBDBC4DA67}.Debug|Any CPU.Build.0 = Debug|Any CPU
		{E4F45C1A-ED3C-4317-BD9D-73DBDBC4DA67}.Develop|Any CPU.ActiveCfg = Develop|Any CPU
		{E4F45C1A-ED3C-4317-BD9D-73DBDBC4DA67}.Develop|Any CPU.Build.0 = Develop|Any CPU
		{E4F45C1A-ED3C-4317-BD9D-73DBDBC4DA67}.Release|Any CPU.ActiveCfg = Release|Any CPU
		{E4F45C1A-ED3C-4317-BD9D-73DBDBC4DA67}.Release|Any CPU.Build.0 = Release|Any CPU
		{E4F45C1A-ED3C-4317-BD9D-73DBDBC4DA67}.Test|Any CPU.ActiveCfg = Test|Any CPU
		{E4F45C1A-ED3C-4317-BD9D-73DBDBC4DA67}.Test|Any CPU.Build.0 = Test|Any CPU
		{E4F45C1A-ED3C-4317-BD9D-73DBDBC4DA67}.UAT|Any CPU.ActiveCfg = UAT|Any CPU
		{E4F45C1A-ED3C-4317-BD9D-73DBDBC4DA67}.UAT|Any CPU.Build.0 = UAT|Any CPU
		{6834C637-EF58-45EC-9F15-F0759D3BC869}.Debug|Any CPU.ActiveCfg = Debug|Any CPU
		{6834C637-EF58-45EC-9F15-F0759D3BC869}.Debug|Any CPU.Build.0 = Debug|Any CPU
		{6834C637-EF58-45EC-9F15-F0759D3BC869}.Develop|Any CPU.ActiveCfg = Develop|Any CPU
		{6834C637-EF58-45EC-9F15-F0759D3BC869}.Develop|Any CPU.Build.0 = Develop|Any CPU
		{6834C637-EF58-45EC-9F15-F0759D3BC869}.Release|Any CPU.ActiveCfg = Release|Any CPU
		{6834C637-EF58-45EC-9F15-F0759D3BC869}.Release|Any CPU.Build.0 = Release|Any CPU
		{6834C637-EF58-45EC-9F15-F0759D3BC869}.Test|Any CPU.ActiveCfg = Test|Any CPU
		{6834C637-EF58-45EC-9F15-F0759D3BC869}.Test|Any CPU.Build.0 = Test|Any CPU
		{6834C637-EF58-45EC-9F15-F0759D3BC869}.UAT|Any CPU.ActiveCfg = UAT|Any CPU
		{6834C637-EF58-45EC-9F15-F0759D3BC869}.UAT|Any CPU.Build.0 = UAT|Any CPU
		{11A00961-484A-4930-9712-452F9B7479BD}.Debug|Any CPU.ActiveCfg = Debug|Any CPU
		{11A00961-484A-4930-9712-452F9B7479BD}.Debug|Any CPU.Build.0 = Debug|Any CPU
		{11A00961-484A-4930-9712-452F9B7479BD}.Develop|Any CPU.ActiveCfg = Develop|Any CPU
		{11A00961-484A-4930-9712-452F9B7479BD}.Develop|Any CPU.Build.0 = Develop|Any CPU
		{11A00961-484A-4930-9712-452F9B7479BD}.Release|Any CPU.ActiveCfg = Release|Any CPU
		{11A00961-484A-4930-9712-452F9B7479BD}.Release|Any CPU.Build.0 = Release|Any CPU
		{11A00961-484A-4930-9712-452F9B7479BD}.Test|Any CPU.ActiveCfg = Test|Any CPU
		{11A00961-484A-4930-9712-452F9B7479BD}.Test|Any CPU.Build.0 = Test|Any CPU
		{11A00961-484A-4930-9712-452F9B7479BD}.UAT|Any CPU.ActiveCfg = UAT|Any CPU
		{11A00961-484A-4930-9712-452F9B7479BD}.UAT|Any CPU.Build.0 = UAT|Any CPU
		{E97A16EC-3732-43E3-A90F-82568F100D22}.Debug|Any CPU.ActiveCfg = Debug|Any CPU
		{E97A16EC-3732-43E3-A90F-82568F100D22}.Debug|Any CPU.Build.0 = Debug|Any CPU
		{E97A16EC-3732-43E3-A90F-82568F100D22}.Develop|Any CPU.ActiveCfg = Develop|Any CPU
		{E97A16EC-3732-43E3-A90F-82568F100D22}.Develop|Any CPU.Build.0 = Develop|Any CPU
		{E97A16EC-3732-43E3-A90F-82568F100D22}.Release|Any CPU.ActiveCfg = Release|Any CPU
		{E97A16EC-3732-43E3-A90F-82568F100D22}.Release|Any CPU.Build.0 = Release|Any CPU
		{E97A16EC-3732-43E3-A90F-82568F100D22}.Test|Any CPU.ActiveCfg = Test|Any CPU
		{E97A16EC-3732-43E3-A90F-82568F100D22}.Test|Any CPU.Build.0 = Test|Any CPU
		{E97A16EC-3732-43E3-A90F-82568F100D22}.UAT|Any CPU.ActiveCfg = UAT|Any CPU
		{E97A16EC-3732-43E3-A90F-82568F100D22}.UAT|Any CPU.Build.0 = UAT|Any CPU
		{DFEC73E8-84F8-4582-BEA9-14509340A6AA}.Debug|Any CPU.ActiveCfg = Debug|Any CPU
		{DFEC73E8-84F8-4582-BEA9-14509340A6AA}.Debug|Any CPU.Build.0 = Debug|Any CPU
		{DFEC73E8-84F8-4582-BEA9-14509340A6AA}.Develop|Any CPU.ActiveCfg = Develop|Any CPU
		{DFEC73E8-84F8-4582-BEA9-14509340A6AA}.Develop|Any CPU.Build.0 = Develop|Any CPU
		{DFEC73E8-84F8-4582-BEA9-14509340A6AA}.Release|Any CPU.ActiveCfg = Release|Any CPU
		{DFEC73E8-84F8-4582-BEA9-14509340A6AA}.Release|Any CPU.Build.0 = Release|Any CPU
		{DFEC73E8-84F8-4582-BEA9-14509340A6AA}.Test|Any CPU.ActiveCfg = Test|Any CPU
		{DFEC73E8-84F8-4582-BEA9-14509340A6AA}.Test|Any CPU.Build.0 = Test|Any CPU
		{DFEC73E8-84F8-4582-BEA9-14509340A6AA}.UAT|Any CPU.ActiveCfg = UAT|Any CPU
		{DFEC73E8-84F8-4582-BEA9-14509340A6AA}.UAT|Any CPU.Build.0 = UAT|Any CPU
		{DAF6A1F4-B38F-4C04-AC29-87390D78591B}.Debug|Any CPU.ActiveCfg = Debug|Any CPU
		{DAF6A1F4-B38F-4C04-AC29-87390D78591B}.Debug|Any CPU.Build.0 = Debug|Any CPU
		{DAF6A1F4-B38F-4C04-AC29-87390D78591B}.Develop|Any CPU.ActiveCfg = Develop|Any CPU
		{DAF6A1F4-B38F-4C04-AC29-87390D78591B}.Develop|Any CPU.Build.0 = Develop|Any CPU
		{DAF6A1F4-B38F-4C04-AC29-87390D78591B}.Release|Any CPU.ActiveCfg = Release|Any CPU
		{DAF6A1F4-B38F-4C04-AC29-87390D78591B}.Release|Any CPU.Build.0 = Release|Any CPU
		{DAF6A1F4-B38F-4C04-AC29-87390D78591B}.Test|Any CPU.ActiveCfg = Test|Any CPU
		{DAF6A1F4-B38F-4C04-AC29-87390D78591B}.Test|Any CPU.Build.0 = Test|Any CPU
		{DAF6A1F4-B38F-4C04-AC29-87390D78591B}.UAT|Any CPU.ActiveCfg = UAT|Any CPU
		{DAF6A1F4-B38F-4C04-AC29-87390D78591B}.UAT|Any CPU.Build.0 = UAT|Any CPU
		{FC72B22E-CF9C-4C44-A4FE-1F5A2F1008DA}.Debug|Any CPU.ActiveCfg = Debug|Any CPU
		{FC72B22E-CF9C-4C44-A4FE-1F5A2F1008DA}.Debug|Any CPU.Build.0 = Debug|Any CPU
		{FC72B22E-CF9C-4C44-A4FE-1F5A2F1008DA}.Develop|Any CPU.ActiveCfg = Develop|Any CPU
		{FC72B22E-CF9C-4C44-A4FE-1F5A2F1008DA}.Develop|Any CPU.Build.0 = Develop|Any CPU
		{FC72B22E-CF9C-4C44-A4FE-1F5A2F1008DA}.Release|Any CPU.ActiveCfg = Release|Any CPU
		{FC72B22E-CF9C-4C44-A4FE-1F5A2F1008DA}.Release|Any CPU.Build.0 = Release|Any CPU
		{FC72B22E-CF9C-4C44-A4FE-1F5A2F1008DA}.Test|Any CPU.ActiveCfg = Test|Any CPU
		{FC72B22E-CF9C-4C44-A4FE-1F5A2F1008DA}.Test|Any CPU.Build.0 = Test|Any CPU
		{FC72B22E-CF9C-4C44-A4FE-1F5A2F1008DA}.UAT|Any CPU.ActiveCfg = UAT|Any CPU
		{FC72B22E-CF9C-4C44-A4FE-1F5A2F1008DA}.UAT|Any CPU.Build.0 = UAT|Any CPU
		{0E83AA62-8191-469C-8222-FD1E0AD6ABD2}.Debug|Any CPU.ActiveCfg = Debug|Any CPU
		{0E83AA62-8191-469C-8222-FD1E0AD6ABD2}.Debug|Any CPU.Build.0 = Debug|Any CPU
		{0E83AA62-8191-469C-8222-FD1E0AD6ABD2}.Develop|Any CPU.ActiveCfg = Develop|Any CPU
		{0E83AA62-8191-469C-8222-FD1E0AD6ABD2}.Develop|Any CPU.Build.0 = Develop|Any CPU
		{0E83AA62-8191-469C-8222-FD1E0AD6ABD2}.Release|Any CPU.ActiveCfg = Release|Any CPU
		{0E83AA62-8191-469C-8222-FD1E0AD6ABD2}.Release|Any CPU.Build.0 = Release|Any CPU
		{0E83AA62-8191-469C-8222-FD1E0AD6ABD2}.Test|Any CPU.ActiveCfg = Test|Any CPU
		{0E83AA62-8191-469C-8222-FD1E0AD6ABD2}.Test|Any CPU.Build.0 = Test|Any CPU
		{0E83AA62-8191-469C-8222-FD1E0AD6ABD2}.UAT|Any CPU.ActiveCfg = UAT|Any CPU
		{0E83AA62-8191-469C-8222-FD1E0AD6ABD2}.UAT|Any CPU.Build.0 = UAT|Any CPU
		{E150AF72-5B96-4CB2-89E6-C161EB8E081F}.Debug|Any CPU.ActiveCfg = Debug|Any CPU
		{E150AF72-5B96-4CB2-89E6-C161EB8E081F}.Debug|Any CPU.Build.0 = Debug|Any CPU
		{E150AF72-5B96-4CB2-89E6-C161EB8E081F}.Develop|Any CPU.ActiveCfg = Develop|Any CPU
		{E150AF72-5B96-4CB2-89E6-C161EB8E081F}.Develop|Any CPU.Build.0 = Develop|Any CPU
		{E150AF72-5B96-4CB2-89E6-C161EB8E081F}.Release|Any CPU.ActiveCfg = Release|Any CPU
		{E150AF72-5B96-4CB2-89E6-C161EB8E081F}.Release|Any CPU.Build.0 = Release|Any CPU
		{E150AF72-5B96-4CB2-89E6-C161EB8E081F}.Test|Any CPU.ActiveCfg = Test|Any CPU
		{E150AF72-5B96-4CB2-89E6-C161EB8E081F}.Test|Any CPU.Build.0 = Test|Any CPU
		{E150AF72-5B96-4CB2-89E6-C161EB8E081F}.UAT|Any CPU.ActiveCfg = UAT|Any CPU
		{E150AF72-5B96-4CB2-89E6-C161EB8E081F}.UAT|Any CPU.Build.0 = UAT|Any CPU
		{6D09C645-611C-4224-94CC-F1448D42BDFA}.Debug|Any CPU.ActiveCfg = Debug|Any CPU
		{6D09C645-611C-4224-94CC-F1448D42BDFA}.Debug|Any CPU.Build.0 = Debug|Any CPU
		{6D09C645-611C-4224-94CC-F1448D42BDFA}.Develop|Any CPU.ActiveCfg = Develop|Any CPU
		{6D09C645-611C-4224-94CC-F1448D42BDFA}.Develop|Any CPU.Build.0 = Develop|Any CPU
		{6D09C645-611C-4224-94CC-F1448D42BDFA}.Release|Any CPU.ActiveCfg = Release|Any CPU
		{6D09C645-611C-4224-94CC-F1448D42BDFA}.Release|Any CPU.Build.0 = Release|Any CPU
		{6D09C645-611C-4224-94CC-F1448D42BDFA}.Test|Any CPU.ActiveCfg = Test|Any CPU
		{6D09C645-611C-4224-94CC-F1448D42BDFA}.Test|Any CPU.Build.0 = Test|Any CPU
		{6D09C645-611C-4224-94CC-F1448D42BDFA}.UAT|Any CPU.ActiveCfg = UAT|Any CPU
		{6D09C645-611C-4224-94CC-F1448D42BDFA}.UAT|Any CPU.Build.0 = UAT|Any CPU
		{78FB3B60-70CC-442D-B4B8-6EED675369AB}.Debug|Any CPU.ActiveCfg = Debug|Any CPU
		{78FB3B60-70CC-442D-B4B8-6EED675369AB}.Debug|Any CPU.Build.0 = Debug|Any CPU
		{78FB3B60-70CC-442D-B4B8-6EED675369AB}.Develop|Any CPU.ActiveCfg = Debug|Any CPU
		{78FB3B60-70CC-442D-B4B8-6EED675369AB}.Develop|Any CPU.Build.0 = Debug|Any CPU
		{78FB3B60-70CC-442D-B4B8-6EED675369AB}.Release|Any CPU.ActiveCfg = Release|Any CPU
		{78FB3B60-70CC-442D-B4B8-6EED675369AB}.Release|Any CPU.Build.0 = Release|Any CPU
		{78FB3B60-70CC-442D-B4B8-6EED675369AB}.Test|Any CPU.ActiveCfg = Release|Any CPU
		{78FB3B60-70CC-442D-B4B8-6EED675369AB}.Test|Any CPU.Build.0 = Release|Any CPU
		{78FB3B60-70CC-442D-B4B8-6EED675369AB}.UAT|Any CPU.ActiveCfg = Release|Any CPU
		{78FB3B60-70CC-442D-B4B8-6EED675369AB}.UAT|Any CPU.Build.0 = Release|Any CPU
	EndGlobalSection
	GlobalSection(SolutionProperties) = preSolution
		HideSolutionNode = FALSE
	EndGlobalSection
	GlobalSection(NestedProjects) = preSolution
		{E58C1269-2477-447C-BF66-B6B594CE8EAD} = {D47B79B2-BF6C-429F-8324-344ED5E66390}
		{49B8DD13-0FC1-40BB-A5D0-D12E4D701B79} = {D47B79B2-BF6C-429F-8324-344ED5E66390}
		{E4F45C1A-ED3C-4317-BD9D-73DBDBC4DA67} = {D47B79B2-BF6C-429F-8324-344ED5E66390}
		{6834C637-EF58-45EC-9F15-F0759D3BC869} = {D47B79B2-BF6C-429F-8324-344ED5E66390}
		{11A00961-484A-4930-9712-452F9B7479BD} = {B3A46BF0-DC4B-431C-91CC-F9ABC305AFAC}
		{E97A16EC-3732-43E3-A90F-82568F100D22} = {B3A46BF0-DC4B-431C-91CC-F9ABC305AFAC}
		{DFEC73E8-84F8-4582-BEA9-14509340A6AA} = {B3A46BF0-DC4B-431C-91CC-F9ABC305AFAC}
		{DAF6A1F4-B38F-4C04-AC29-87390D78591B} = {B3A46BF0-DC4B-431C-91CC-F9ABC305AFAC}
		{FC72B22E-CF9C-4C44-A4FE-1F5A2F1008DA} = {B3A46BF0-DC4B-431C-91CC-F9ABC305AFAC}
		{0E83AA62-8191-469C-8222-FD1E0AD6ABD2} = {B3A46BF0-DC4B-431C-91CC-F9ABC305AFAC}
		{E150AF72-5B96-4CB2-89E6-C161EB8E081F} = {B3A46BF0-DC4B-431C-91CC-F9ABC305AFAC}
		{6D09C645-611C-4224-94CC-F1448D42BDFA} = {2D3E081D-5DC6-4F51-9981-22707BBB1614}
		{78FB3B60-70CC-442D-B4B8-6EED675369AB} = {0BDD97CC-3950-46DE-8CFE-37821EF0F9AF}
	EndGlobalSection
	GlobalSection(ExtensibilityGlobals) = postSolution
		SolutionGuid = {8929C0F6-EEA8-4A46-921B-C66EB9B39F12}
	EndGlobalSection
EndGlobal
